// !$*UTF8*$!
{
	archiveVersion = 1;
	classes = {
	};
	objectVersion = 56;
	objects = {

/* Begin PBXBuildFile section */
		E79562012CC6AC7D00D2B062 /* GoogleSignIn in Frameworks */ = {isa = PBXBuildFile; productRef = E79562002CC6AC7D00D2B062 /* GoogleSignIn */; };
		E79562032CC6AC7D00D2B062 /* GoogleSignInSwift in Frameworks */ = {isa = PBXBuildFile; productRef = E79562022CC6AC7D00D2B062 /* GoogleSignInSwift */; };
		E79562092CC6ADCF00D2B062 /* GoogleService-Info.plist in Resources */ = {isa = PBXBuildFile; fileRef = E79562082CC6ADCF00D2B062 /* GoogleService-Info.plist */; };
		E7B2A4B42CBDC00300930521 /* AppDelegate.swift in Sources */ = {isa = PBXBuildFile; fileRef = E7B2A4B32CBDC00300930521 /* AppDelegate.swift */; };
		E7B2A4B62CBDC00300930521 /* SceneDelegate.swift in Sources */ = {isa = PBXBuildFile; fileRef = E7B2A4B52CBDC00300930521 /* SceneDelegate.swift */; };
		E7B2A4B82CBDC00300930521 /* iniciarSesionViewController.swift in Sources */ = {isa = PBXBuildFile; fileRef = E7B2A4B72CBDC00300930521 /* iniciarSesionViewController.swift */; };
		E7B2A4BB2CBDC00300930521 /* Base in Resources */ = {isa = PBXBuildFile; fileRef = E7B2A4BA2CBDC00300930521 /* Base */; };
		E7B2A4BD2CBDC00400930521 /* Assets.xcassets in Resources */ = {isa = PBXBuildFile; fileRef = E7B2A4BC2CBDC00400930521 /* Assets.xcassets */; };
		E7B2A4C02CBDC00400930521 /* Base in Resources */ = {isa = PBXBuildFile; fileRef = E7B2A4BF2CBDC00400930521 /* Base */; };
		E7B2A4CB2CBDC3F000930521 /* FirebaseAnalytics in Frameworks */ = {isa = PBXBuildFile; productRef = E7B2A4CA2CBDC3F000930521 /* FirebaseAnalytics */; };
		E7B2A4CD2CBDC3F000930521 /* FirebaseAnalyticsOnDeviceConversion in Frameworks */ = {isa = PBXBuildFile; productRef = E7B2A4CC2CBDC3F000930521 /* FirebaseAnalyticsOnDeviceConversion */; };
		E7B2A4CF2CBDC3F000930521 /* FirebaseAnalyticsWithoutAdIdSupport in Frameworks */ = {isa = PBXBuildFile; productRef = E7B2A4CE2CBDC3F000930521 /* FirebaseAnalyticsWithoutAdIdSupport */; };
		E7B2A4D12CBDC3F000930521 /* FirebaseAppCheck in Frameworks */ = {isa = PBXBuildFile; productRef = E7B2A4D02CBDC3F000930521 /* FirebaseAppCheck */; };
		E7B2A4D32CBDC3F000930521 /* FirebaseAppDistribution-Beta in Frameworks */ = {isa = PBXBuildFile; productRef = E7B2A4D22CBDC3F000930521 /* FirebaseAppDistribution-Beta */; };
		E7B2A4D52CBDC3F000930521 /* FirebaseAuth in Frameworks */ = {isa = PBXBuildFile; productRef = E7B2A4D42CBDC3F000930521 /* FirebaseAuth */; };
		E7B2A4D72CBDC3F000930521 /* FirebaseCore in Frameworks */ = {isa = PBXBuildFile; productRef = E7B2A4D62CBDC3F000930521 /* FirebaseCore */; };
		E7B2A4D92CBDC3F000930521 /* FirebaseDatabase in Frameworks */ = {isa = PBXBuildFile; productRef = E7B2A4D82CBDC3F000930521 /* FirebaseDatabase */; };
		E7B2A4DB2CBDC3F000930521 /* FirebaseStorage in Frameworks */ = {isa = PBXBuildFile; productRef = E7B2A4DA2CBDC3F000930521 /* FirebaseStorage */; };
		E7C8C8582CCF19EA0018272E /* crearCuentaViewController.swift in Sources */ = {isa = PBXBuildFile; fileRef = E7C8C8572CCF19EA0018272E /* crearCuentaViewController.swift */; };
		E7FFEACB2CC6F31E00D05002 /* SnapsViewController.swift in Sources */ = {isa = PBXBuildFile; fileRef = E7FFEACA2CC6F31E00D05002 /* SnapsViewController.swift */; };
		E7FFEACD2CC6F82300D05002 /* ImagenViewController.swift in Sources */ = {isa = PBXBuildFile; fileRef = E7FFEACC2CC6F82300D05002 /* ImagenViewController.swift */; };
		E7FFEACF2CC7086700D05002 /* ElegirUsuarioViewController.swift in Sources */ = {isa = PBXBuildFile; fileRef = E7FFEACE2CC7086700D05002 /* ElegirUsuarioViewController.swift */; };
		E7FFEAD32CC70D7200D05002 /* Usuario.swift in Sources */ = {isa = PBXBuildFile; fileRef = E7FFEAD22CC70D7200D05002 /* Usuario.swift */; };
/* End PBXBuildFile section */

/* Begin PBXFileReference section */
		E79562082CC6ADCF00D2B062 /* GoogleService-Info.plist */ = {isa = PBXFileReference; fileEncoding = 4; lastKnownFileType = text.plist.xml; path = "GoogleService-Info.plist"; sourceTree = "<group>"; };
		E7B2A4B02CBDC00300930521 /* FloresSnapchat.app */ = {isa = PBXFileReference; explicitFileType = wrapper.application; includeInIndex = 0; path = FloresSnapchat.app; sourceTree = BUILT_PRODUCTS_DIR; };
		E7B2A4B32CBDC00300930521 /* AppDelegate.swift */ = {isa = PBXFileReference; lastKnownFileType = sourcecode.swift; path = AppDelegate.swift; sourceTree = "<group>"; };
		E7B2A4B52CBDC00300930521 /* SceneDelegate.swift */ = {isa = PBXFileReference; lastKnownFileType = sourcecode.swift; path = SceneDelegate.swift; sourceTree = "<group>"; };
		E7B2A4B72CBDC00300930521 /* iniciarSesionViewController.swift */ = {isa = PBXFileReference; lastKnownFileType = sourcecode.swift; path = iniciarSesionViewController.swift; sourceTree = "<group>"; };
		E7B2A4BA2CBDC00300930521 /* Base */ = {isa = PBXFileReference; lastKnownFileType = file.storyboard; name = Base; path = Base.lproj/Main.storyboard; sourceTree = "<group>"; };
		E7B2A4BC2CBDC00400930521 /* Assets.xcassets */ = {isa = PBXFileReference; lastKnownFileType = folder.assetcatalog; path = Assets.xcassets; sourceTree = "<group>"; };
		E7B2A4BF2CBDC00400930521 /* Base */ = {isa = PBXFileReference; lastKnownFileType = file.storyboard; name = Base; path = Base.lproj/LaunchScreen.storyboard; sourceTree = "<group>"; };
		E7B2A4C12CBDC00400930521 /* Info.plist */ = {isa = PBXFileReference; lastKnownFileType = text.plist.xml; path = Info.plist; sourceTree = "<group>"; };
		E7C8C8572CCF19EA0018272E /* crearCuentaViewController.swift */ = {isa = PBXFileReference; lastKnownFileType = sourcecode.swift; path = crearCuentaViewController.swift; sourceTree = "<group>"; };
		E7FFEAC92CC6F1C200D05002 /* FloresSnapchat.entitlements */ = {isa = PBXFileReference; lastKnownFileType = text.plist.entitlements; path = FloresSnapchat.entitlements; sourceTree = "<group>"; };
		E7FFEACA2CC6F31E00D05002 /* SnapsViewController.swift */ = {isa = PBXFileReference; lastKnownFileType = sourcecode.swift; path = SnapsViewController.swift; sourceTree = "<group>"; };
		E7FFEACC2CC6F82300D05002 /* ImagenViewController.swift */ = {isa = PBXFileReference; lastKnownFileType = sourcecode.swift; path = ImagenViewController.swift; sourceTree = "<group>"; };
		E7FFEACE2CC7086700D05002 /* ElegirUsuarioViewController.swift */ = {isa = PBXFileReference; lastKnownFileType = sourcecode.swift; path = ElegirUsuarioViewController.swift; sourceTree = "<group>"; };
		E7FFEAD22CC70D7200D05002 /* Usuario.swift */ = {isa = PBXFileReference; lastKnownFileType = sourcecode.swift; path = Usuario.swift; sourceTree = "<group>"; };
/* End PBXFileReference section */

/* Begin PBXFrameworksBuildPhase section */
		E7B2A4AD2CBDC00300930521 /* Frameworks */ = {
			isa = PBXFrameworksBuildPhase;
			buildActionMask = 2147483647;
			files = (
				E7B2A4D12CBDC3F000930521 /* FirebaseAppCheck in Frameworks */,
				E7B2A4D52CBDC3F000930521 /* FirebaseAuth in Frameworks */,
				E7B2A4DB2CBDC3F000930521 /* FirebaseStorage in Frameworks */,
				E7B2A4CB2CBDC3F000930521 /* FirebaseAnalytics in Frameworks */,
				E7B2A4D32CBDC3F000930521 /* FirebaseAppDistribution-Beta in Frameworks */,
				E79562012CC6AC7D00D2B062 /* GoogleSignIn in Frameworks */,
				E7B2A4D72CBDC3F000930521 /* FirebaseCore in Frameworks */,
				E7B2A4CF2CBDC3F000930521 /* FirebaseAnalyticsWithoutAdIdSupport in Frameworks */,
				E7B2A4D92CBDC3F000930521 /* FirebaseDatabase in Frameworks */,
				E7B2A4CD2CBDC3F000930521 /* FirebaseAnalyticsOnDeviceConversion in Frameworks */,
				E79562032CC6AC7D00D2B062 /* GoogleSignInSwift in Frameworks */,
			);
			runOnlyForDeploymentPostprocessing = 0;
		};
/* End PBXFrameworksBuildPhase section */

/* Begin PBXGroup section */
		E7B2A4A72CBDC00200930521 = {
			isa = PBXGroup;
			children = (
				E7B2A4B22CBDC00300930521 /* FloresSnapchat */,
				E7B2A4B12CBDC00300930521 /* Products */,
			);
			sourceTree = "<group>";
		};
		E7B2A4B12CBDC00300930521 /* Products */ = {
			isa = PBXGroup;
			children = (
				E7B2A4B02CBDC00300930521 /* FloresSnapchat.app */,
			);
			name = Products;
			sourceTree = "<group>";
		};
		E7B2A4B22CBDC00300930521 /* FloresSnapchat */ = {
			isa = PBXGroup;
			children = (
				E7FFEAD12CC70D5000D05002 /* Modelos */,
				E7FFEAD02CC70D1A00D05002 /* ViewControllers */,
				E7FFEAC92CC6F1C200D05002 /* FloresSnapchat.entitlements */,
				E79562082CC6ADCF00D2B062 /* GoogleService-Info.plist */,
				E7B2A4B32CBDC00300930521 /* AppDelegate.swift */,
				E7B2A4B52CBDC00300930521 /* SceneDelegate.swift */,
				E7B2A4B92CBDC00300930521 /* Main.storyboard */,
				E7B2A4BC2CBDC00400930521 /* Assets.xcassets */,
				E7B2A4BE2CBDC00400930521 /* LaunchScreen.storyboard */,
				E7B2A4C12CBDC00400930521 /* Info.plist */,
			);
			path = FloresSnapchat;
			sourceTree = "<group>";
		};
		E7FFEAD02CC70D1A00D05002 /* ViewControllers */ = {
			isa = PBXGroup;
			children = (
				E7FFEACA2CC6F31E00D05002 /* SnapsViewController.swift */,
				E7FFEACC2CC6F82300D05002 /* ImagenViewController.swift */,
				E7FFEACE2CC7086700D05002 /* ElegirUsuarioViewController.swift */,
				E7B2A4B72CBDC00300930521 /* iniciarSesionViewController.swift */,
				E7C8C8572CCF19EA0018272E /* crearCuentaViewController.swift */,
			);
			path = ViewControllers;
			sourceTree = "<group>";
		};
		E7FFEAD12CC70D5000D05002 /* Modelos */ = {
			isa = PBXGroup;
			children = (
				E7FFEAD22CC70D7200D05002 /* Usuario.swift */,
			);
			path = Modelos;
			sourceTree = "<group>";
		};
/* End PBXGroup section */

/* Begin PBXNativeTarget section */
		E7B2A4AF2CBDC00300930521 /* FloresSnapchat */ = {
			isa = PBXNativeTarget;
			buildConfigurationList = E7B2A4C42CBDC00400930521 /* Build configuration list for PBXNativeTarget "FloresSnapchat" */;
			buildPhases = (
				E7B2A4AC2CBDC00300930521 /* Sources */,
				E7B2A4AD2CBDC00300930521 /* Frameworks */,
				E7B2A4AE2CBDC00300930521 /* Resources */,
			);
			buildRules = (
			);
			dependencies = (
			);
			name = FloresSnapchat;
			packageProductDependencies = (
				E7B2A4CA2CBDC3F000930521 /* FirebaseAnalytics */,
				E7B2A4CC2CBDC3F000930521 /* FirebaseAnalyticsOnDeviceConversion */,
				E7B2A4CE2CBDC3F000930521 /* FirebaseAnalyticsWithoutAdIdSupport */,
				E7B2A4D02CBDC3F000930521 /* FirebaseAppCheck */,
				E7B2A4D22CBDC3F000930521 /* FirebaseAppDistribution-Beta */,
				E7B2A4D42CBDC3F000930521 /* FirebaseAuth */,
				E7B2A4D62CBDC3F000930521 /* FirebaseCore */,
				E7B2A4D82CBDC3F000930521 /* FirebaseDatabase */,
				E7B2A4DA2CBDC3F000930521 /* FirebaseStorage */,
				E79562002CC6AC7D00D2B062 /* GoogleSignIn */,
				E79562022CC6AC7D00D2B062 /* GoogleSignInSwift */,
			);
			productName = FloresSnapchat;
			productReference = E7B2A4B02CBDC00300930521 /* FloresSnapchat.app */;
			productType = "com.apple.product-type.application";
		};
/* End PBXNativeTarget section */

/* Begin PBXProject section */
		E7B2A4A82CBDC00200930521 /* Project object */ = {
			isa = PBXProject;
			attributes = {
				BuildIndependentTargetsInParallel = 1;
				LastSwiftUpdateCheck = 1540;
				LastUpgradeCheck = 1540;
				TargetAttributes = {
					E7B2A4AF2CBDC00300930521 = {
						CreatedOnToolsVersion = 15.4;
					};
				};
			};
			buildConfigurationList = E7B2A4AB2CBDC00200930521 /* Build configuration list for PBXProject "FloresSnapchat" */;
			compatibilityVersion = "Xcode 14.0";
			developmentRegion = en;
			hasScannedForEncodings = 0;
			knownRegions = (
				en,
				Base,
			);
			mainGroup = E7B2A4A72CBDC00200930521;
			packageReferences = (
				E7B2A4C92CBDC3F000930521 /* XCRemoteSwiftPackageReference "firebase-ios-sdk" */,
				E79561FF2CC6AC7D00D2B062 /* XCRemoteSwiftPackageReference "GoogleSignIn-iOS" */,
			);
			productRefGroup = E7B2A4B12CBDC00300930521 /* Products */;
			projectDirPath = "";
			projectRoot = "";
			targets = (
				E7B2A4AF2CBDC00300930521 /* FloresSnapchat */,
			);
		};
/* End PBXProject section */

/* Begin PBXResourcesBuildPhase section */
		E7B2A4AE2CBDC00300930521 /* Resources */ = {
			isa = PBXResourcesBuildPhase;
			buildActionMask = 2147483647;
			files = (
				E7B2A4BD2CBDC00400930521 /* Assets.xcassets in Resources */,
				E79562092CC6ADCF00D2B062 /* GoogleService-Info.plist in Resources */,
				E7B2A4C02CBDC00400930521 /* Base in Resources */,
				E7B2A4BB2CBDC00300930521 /* Base in Resources */,
			);
			runOnlyForDeploymentPostprocessing = 0;
		};
/* End PBXResourcesBuildPhase section */

/* Begin PBXSourcesBuildPhase section */
		E7B2A4AC2CBDC00300930521 /* Sources */ = {
			isa = PBXSourcesBuildPhase;
			buildActionMask = 2147483647;
			files = (
				E7FFEACB2CC6F31E00D05002 /* SnapsViewController.swift in Sources */,
				E7FFEACD2CC6F82300D05002 /* ImagenViewController.swift in Sources */,
				E7FFEAD32CC70D7200D05002 /* Usuario.swift in Sources */,
				E7B2A4B82CBDC00300930521 /* iniciarSesionViewController.swift in Sources */,
				E7B2A4B42CBDC00300930521 /* AppDelegate.swift in Sources */,
				E7B2A4B62CBDC00300930521 /* SceneDelegate.swift in Sources */,
				E7C8C8582CCF19EA0018272E /* crearCuentaViewController.swift in Sources */,
				E7FFEACF2CC7086700D05002 /* ElegirUsuarioViewController.swift in Sources */,
			);
			runOnlyForDeploymentPostprocessing = 0;
		};
/* End PBXSourcesBuildPhase section */

/* Begin PBXVariantGroup section */
		E7B2A4B92CBDC00300930521 /* Main.storyboard */ = {
			isa = PBXVariantGroup;
			children = (
				E7B2A4BA2CBDC00300930521 /* Base */,
			);
			name = Main.storyboard;
			sourceTree = "<group>";
		};
		E7B2A4BE2CBDC00400930521 /* LaunchScreen.storyboard */ = {
			isa = PBXVariantGroup;
			children = (
				E7B2A4BF2CBDC00400930521 /* Base */,
			);
			name = LaunchScreen.storyboard;
			sourceTree = "<group>";
		};
/* End PBXVariantGroup section */

/* Begin XCBuildConfiguration section */
		E7B2A4C22CBDC00400930521 /* Debug */ = {
			isa = XCBuildConfiguration;
			buildSettings = {
				ALWAYS_SEARCH_USER_PATHS = NO;
				ASSETCATALOG_COMPILER_GENERATE_SWIFT_ASSET_SYMBOL_EXTENSIONS = YES;
				CLANG_ANALYZER_NONNULL = YES;
				CLANG_ANALYZER_NUMBER_OBJECT_CONVERSION = YES_AGGRESSIVE;
				CLANG_CXX_LANGUAGE_STANDARD = "gnu++20";
				CLANG_ENABLE_MODULES = YES;
				CLANG_ENABLE_OBJC_ARC = YES;
				CLANG_ENABLE_OBJC_WEAK = YES;
				CLANG_WARN_BLOCK_CAPTURE_AUTORELEASING = YES;
				CLANG_WARN_BOOL_CONVERSION = YES;
				CLANG_WARN_COMMA = YES;
				CLANG_WARN_CONSTANT_CONVERSION = YES;
				CLANG_WARN_DEPRECATED_OBJC_IMPLEMENTATIONS = YES;
				CLANG_WARN_DIRECT_OBJC_ISA_USAGE = YES_ERROR;
				CLANG_WARN_DOCUMENTATION_COMMENTS = YES;
				CLANG_WARN_EMPTY_BODY = YES;
				CLANG_WARN_ENUM_CONVERSION = YES;
				CLANG_WARN_INFINITE_RECURSION = YES;
				CLANG_WARN_INT_CONVERSION = YES;
				CLANG_WARN_NON_LITERAL_NULL_CONVERSION = YES;
				CLANG_WARN_OBJC_IMPLICIT_RETAIN_SELF = YES;
				CLANG_WARN_OBJC_LITERAL_CONVERSION = YES;
				CLANG_WARN_OBJC_ROOT_CLASS = YES_ERROR;
				CLANG_WARN_QUOTED_INCLUDE_IN_FRAMEWORK_HEADER = YES;
				CLANG_WARN_RANGE_LOOP_ANALYSIS = YES;
				CLANG_WARN_STRICT_PROTOTYPES = YES;
				CLANG_WARN_SUSPICIOUS_MOVE = YES;
				CLANG_WARN_UNGUARDED_AVAILABILITY = YES_AGGRESSIVE;
				CLANG_WARN_UNREACHABLE_CODE = YES;
				CLANG_WARN__DUPLICATE_METHOD_MATCH = YES;
				COPY_PHASE_STRIP = NO;
				DEBUG_INFORMATION_FORMAT = dwarf;
				ENABLE_STRICT_OBJC_MSGSEND = YES;
				ENABLE_TESTABILITY = YES;
				ENABLE_USER_SCRIPT_SANDBOXING = YES;
				GCC_C_LANGUAGE_STANDARD = gnu17;
				GCC_DYNAMIC_NO_PIC = NO;
				GCC_NO_COMMON_BLOCKS = YES;
				GCC_OPTIMIZATION_LEVEL = 0;
				GCC_PREPROCESSOR_DEFINITIONS = (
					"DEBUG=1",
					"$(inherited)",
				);
				GCC_WARN_64_TO_32_BIT_CONVERSION = YES;
				GCC_WARN_ABOUT_RETURN_TYPE = YES_ERROR;
				GCC_WARN_UNDECLARED_SELECTOR = YES;
				GCC_WARN_UNINITIALIZED_AUTOS = YES_AGGRESSIVE;
				GCC_WARN_UNUSED_FUNCTION = YES;
				GCC_WARN_UNUSED_VARIABLE = YES;
				IPHONEOS_DEPLOYMENT_TARGET = 17.5;
				LOCALIZATION_PREFERS_STRING_CATALOGS = YES;
				MTL_ENABLE_DEBUG_INFO = INCLUDE_SOURCE;
				MTL_FAST_MATH = YES;
				ONLY_ACTIVE_ARCH = YES;
				SDKROOT = iphoneos;
				SWIFT_ACTIVE_COMPILATION_CONDITIONS = "DEBUG $(inherited)";
				SWIFT_OPTIMIZATION_LEVEL = "-Onone";
			};
			name = Debug;
		};
		E7B2A4C32CBDC00400930521 /* Release */ = {
			isa = XCBuildConfiguration;
			buildSettings = {
				ALWAYS_SEARCH_USER_PATHS = NO;
				ASSETCATALOG_COMPILER_GENERATE_SWIFT_ASSET_SYMBOL_EXTENSIONS = YES;
				CLANG_ANALYZER_NONNULL = YES;
				CLANG_ANALYZER_NUMBER_OBJECT_CONVERSION = YES_AGGRESSIVE;
				CLANG_CXX_LANGUAGE_STANDARD = "gnu++20";
				CLANG_ENABLE_MODULES = YES;
				CLANG_ENABLE_OBJC_ARC = YES;
				CLANG_ENABLE_OBJC_WEAK = YES;
				CLANG_WARN_BLOCK_CAPTURE_AUTORELEASING = YES;
				CLANG_WARN_BOOL_CONVERSION = YES;
				CLANG_WARN_COMMA = YES;
				CLANG_WARN_CONSTANT_CONVERSION = YES;
				CLANG_WARN_DEPRECATED_OBJC_IMPLEMENTATIONS = YES;
				CLANG_WARN_DIRECT_OBJC_ISA_USAGE = YES_ERROR;
				CLANG_WARN_DOCUMENTATION_COMMENTS = YES;
				CLANG_WARN_EMPTY_BODY = YES;
				CLANG_WARN_ENUM_CONVERSION = YES;
				CLANG_WARN_INFINITE_RECURSION = YES;
				CLANG_WARN_INT_CONVERSION = YES;
				CLANG_WARN_NON_LITERAL_NULL_CONVERSION = YES;
				CLANG_WARN_OBJC_IMPLICIT_RETAIN_SELF = YES;
				CLANG_WARN_OBJC_LITERAL_CONVERSION = YES;
				CLANG_WARN_OBJC_ROOT_CLASS = YES_ERROR;
				CLANG_WARN_QUOTED_INCLUDE_IN_FRAMEWORK_HEADER = YES;
				CLANG_WARN_RANGE_LOOP_ANALYSIS = YES;
				CLANG_WARN_STRICT_PROTOTYPES = YES;
				CLANG_WARN_SUSPICIOUS_MOVE = YES;
				CLANG_WARN_UNGUARDED_AVAILABILITY = YES_AGGRESSIVE;
				CLANG_WARN_UNREACHABLE_CODE = YES;
				CLANG_WARN__DUPLICATE_METHOD_MATCH = YES;
				COPY_PHASE_STRIP = NO;
				DEBUG_INFORMATION_FORMAT = "dwarf-with-dsym";
				ENABLE_NS_ASSERTIONS = NO;
				ENABLE_STRICT_OBJC_MSGSEND = YES;
				ENABLE_USER_SCRIPT_SANDBOXING = YES;
				GCC_C_LANGUAGE_STANDARD = gnu17;
				GCC_NO_COMMON_BLOCKS = YES;
				GCC_WARN_64_TO_32_BIT_CONVERSION = YES;
				GCC_WARN_ABOUT_RETURN_TYPE = YES_ERROR;
				GCC_WARN_UNDECLARED_SELECTOR = YES;
				GCC_WARN_UNINITIALIZED_AUTOS = YES_AGGRESSIVE;
				GCC_WARN_UNUSED_FUNCTION = YES;
				GCC_WARN_UNUSED_VARIABLE = YES;
				IPHONEOS_DEPLOYMENT_TARGET = 17.5;
				LOCALIZATION_PREFERS_STRING_CATALOGS = YES;
				MTL_ENABLE_DEBUG_INFO = NO;
				MTL_FAST_MATH = YES;
				SDKROOT = iphoneos;
				SWIFT_COMPILATION_MODE = wholemodule;
				VALIDATE_PRODUCT = YES;
			};
			name = Release;
		};
		E7B2A4C52CBDC00400930521 /* Debug */ = {
			isa = XCBuildConfiguration;
			buildSettings = {
				ASSETCATALOG_COMPILER_APPICON_NAME = AppIcon;
				ASSETCATALOG_COMPILER_GLOBAL_ACCENT_COLOR_NAME = AccentColor;
				CODE_SIGN_ENTITLEMENTS = FloresSnapchat/FloresSnapchat.entitlements;
				CODE_SIGN_STYLE = Automatic;
				CURRENT_PROJECT_VERSION = 1;
				GENERATE_INFOPLIST_FILE = YES;
				INFOPLIST_FILE = FloresSnapchat/Info.plist;
				INFOPLIST_KEY_UIApplicationSupportsIndirectInputEvents = YES;
				INFOPLIST_KEY_UILaunchStoryboardName = LaunchScreen;
				INFOPLIST_KEY_UIMainStoryboardFile = Main;
				INFOPLIST_KEY_UISupportedInterfaceOrientations_iPad = "UIInterfaceOrientationPortrait UIInterfaceOrientationPortraitUpsideDown UIInterfaceOrientationLandscapeLeft UIInterfaceOrientationLandscapeRight";
				INFOPLIST_KEY_UISupportedInterfaceOrientations_iPhone = "UIInterfaceOrientationPortrait UIInterfaceOrientationLandscapeLeft UIInterfaceOrientationLandscapeRight";
				LD_RUNPATH_SEARCH_PATHS = (
					"$(inherited)",
					"@executable_path/Frameworks",
				);
				MARKETING_VERSION = 1.0;
				PRODUCT_BUNDLE_IDENTIFIER = com.miempresa.FloresSnapchat;
				PRODUCT_NAME = "$(TARGET_NAME)";
				SWIFT_EMIT_LOC_STRINGS = YES;
				SWIFT_VERSION = 5.0;
				TARGETED_DEVICE_FAMILY = "1,2";
			};
			name = Debug;
		};
		E7B2A4C62CBDC00400930521 /* Release */ = {
			isa = XCBuildConfiguration;
			buildSettings = {
				ASSETCATALOG_COMPILER_APPICON_NAME = AppIcon;
				ASSETCATALOG_COMPILER_GLOBAL_ACCENT_COLOR_NAME = AccentColor;
				CODE_SIGN_ENTITLEMENTS = FloresSnapchat/FloresSnapchat.entitlements;
				CODE_SIGN_STYLE = Automatic;
				CURRENT_PROJECT_VERSION = 1;
				GENERATE_INFOPLIST_FILE = YES;
				INFOPLIST_FILE = FloresSnapchat/Info.plist;
				INFOPLIST_KEY_UIApplicationSupportsIndirectInputEvents = YES;
				INFOPLIST_KEY_UILaunchStoryboardName = LaunchScreen;
				INFOPLIST_KEY_UIMainStoryboardFile = Main;
				INFOPLIST_KEY_UISupportedInterfaceOrientations_iPad = "UIInterfaceOrientationPortrait UIInterfaceOrientationPortraitUpsideDown UIInterfaceOrientationLandscapeLeft UIInterfaceOrientationLandscapeRight";
				INFOPLIST_KEY_UISupportedInterfaceOrientations_iPhone = "UIInterfaceOrientationPortrait UIInterfaceOrientationLandscapeLeft UIInterfaceOrientationLandscapeRight";
				LD_RUNPATH_SEARCH_PATHS = (
					"$(inherited)",
					"@executable_path/Frameworks",
				);
				MARKETING_VERSION = 1.0;
				PRODUCT_BUNDLE_IDENTIFIER = com.miempresa.FloresSnapchat;
				PRODUCT_NAME = "$(TARGET_NAME)";
				SWIFT_EMIT_LOC_STRINGS = YES;
				SWIFT_VERSION = 5.0;
				TARGETED_DEVICE_FAMILY = "1,2";
			};
			name = Release;
		};
/* End XCBuildConfiguration section */

/* Begin XCConfigurationList section */
		E7B2A4AB2CBDC00200930521 /* Build configuration list for PBXProject "FloresSnapchat" */ = {
			isa = XCConfigurationList;
			buildConfigurations = (
				E7B2A4C22CBDC00400930521 /* Debug */,
				E7B2A4C32CBDC00400930521 /* Release */,
			);
			defaultConfigurationIsVisible = 0;
			defaultConfigurationName = Release;
		};
		E7B2A4C42CBDC00400930521 /* Build configuration list for PBXNativeTarget "FloresSnapchat" */ = {
			isa = XCConfigurationList;
			buildConfigurations = (
				E7B2A4C52CBDC00400930521 /* Debug */,
				E7B2A4C62CBDC00400930521 /* Release */,
			);
			defaultConfigurationIsVisible = 0;
			defaultConfigurationName = Release;
		};
/* End XCConfigurationList section */

/* Begin XCRemoteSwiftPackageReference section */
		E79561FF2CC6AC7D00D2B062 /* XCRemoteSwiftPackageReference "GoogleSignIn-iOS" */ = {
			isa = XCRemoteSwiftPackageReference;
			repositoryURL = "https://github.com/google/GoogleSignIn-iOS";
			requirement = {
				kind = versionRange;
				maximumVersion = 9.0.0;
				minimumVersion = 8.0.0;
			};
		};
		E7B2A4C92CBDC3F000930521 /* XCRemoteSwiftPackageReference "firebase-ios-sdk" */ = {
			isa = XCRemoteSwiftPackageReference;
			repositoryURL = "https://github.com/firebase/firebase-ios-sdk";
			requirement = {
				kind = versionRange;
				maximumVersion = 12.0.0;
				minimumVersion = 11.3.0;
			};
		};
/* End XCRemoteSwiftPackageReference section */

/* Begin XCSwiftPackageProductDependency section */
		E79562002CC6AC7D00D2B062 /* GoogleSignIn */ = {
			isa = XCSwiftPackageProductDependency;
			package = E79561FF2CC6AC7D00D2B062 /* XCRemoteSwiftPackageReference "GoogleSignIn-iOS" */;
			productName = GoogleSignIn;
		};
		E79562022CC6AC7D00D2B062 /* GoogleSignInSwift */ = {
			isa = XCSwiftPackageProductDependency;
			package = E79561FF2CC6AC7D00D2B062 /* XCRemoteSwiftPackageReference "GoogleSignIn-iOS" */;
			productName = GoogleSignInSwift;
		};
		E7B2A4CA2CBDC3F000930521 /* FirebaseAnalytics */ = {
			isa = XCSwiftPackageProductDependency;
			package = E7B2A4C92CBDC3F000930521 /* XCRemoteSwiftPackageReference "firebase-ios-sdk" */;
			productName = FirebaseAnalytics;
		};
		E7B2A4CC2CBDC3F000930521 /* FirebaseAnalyticsOnDeviceConversion */ = {
			isa = XCSwiftPackageProductDependency;
			package = E7B2A4C92CBDC3F000930521 /* XCRemoteSwiftPackageReference "firebase-ios-sdk" */;
			productName = FirebaseAnalyticsOnDeviceConversion;
		};
		E7B2A4CE2CBDC3F000930521 /* FirebaseAnalyticsWithoutAdIdSupport */ = {
			isa = XCSwiftPackageProductDependency;
			package = E7B2A4C92CBDC3F000930521 /* XCRemoteSwiftPackageReference "firebase-ios-sdk" */;
			productName = FirebaseAnalyticsWithoutAdIdSupport;
		};
		E7B2A4D02CBDC3F000930521 /* FirebaseAppCheck */ = {
			isa = XCSwiftPackageProductDependency;
			package = E7B2A4C92CBDC3F000930521 /* XCRemoteSwiftPackageReference "firebase-ios-sdk" */;
			productName = FirebaseAppCheck;
		};
		E7B2A4D22CBDC3F000930521 /* FirebaseAppDistribution-Beta */ = {
			isa = XCSwiftPackageProductDependency;
			package = E7B2A4C92CBDC3F000930521 /* XCRemoteSwiftPackageReference "firebase-ios-sdk" */;
			productName = "FirebaseAppDistribution-Beta";
		};
		E7B2A4D42CBDC3F000930521 /* FirebaseAuth */ = {
			isa = XCSwiftPackageProductDependency;
			package = E7B2A4C92CBDC3F000930521 /* XCRemoteSwiftPackageReference "firebase-ios-sdk" */;
			productName = FirebaseAuth;
		};
		E7B2A4D62CBDC3F000930521 /* FirebaseCore */ = {
			isa = XCSwiftPackageProductDependency;
			package = E7B2A4C92CBDC3F000930521 /* XCRemoteSwiftPackageReference "firebase-ios-sdk" */;
			productName = FirebaseCore;
		};
		E7B2A4D82CBDC3F000930521 /* FirebaseDatabase */ = {
			isa = XCSwiftPackageProductDependency;
			package = E7B2A4C92CBDC3F000930521 /* XCRemoteSwiftPackageReference "firebase-ios-sdk" */;
			productName = FirebaseDatabase;
		};
		E7B2A4DA2CBDC3F000930521 /* FirebaseStorage */ = {
			isa = XCSwiftPackageProductDependency;
			package = E7B2A4C92CBDC3F000930521 /* XCRemoteSwiftPackageReference "firebase-ios-sdk" */;
			productName = FirebaseStorage;
		};
/* End XCSwiftPackageProductDependency section */
	};
	rootObject = E7B2A4A82CBDC00200930521 /* Project object */;
}
